
Microsoft Visual Studio Solution File, Format Version 12.00
# Visual Studio Version 17
VisualStudioVersion = 17.0.32112.339
MinimumVisualStudioVersion = 10.0.40219.1
Project("{FAE04EC0-301F-11D3-BF4B-00C04F79EFBC}") = "UP_02.01", "UP_02.01\UP_02.01.csproj", "{041578AD-5FCF-4509-B992-BC7FD4F0FDE4}"
EndProject
Global
	GlobalSection(SolutionConfigurationPlatforms) = preSolution
		Debug|Any CPU = Debug|Any CPU
		Release|Any CPU = Release|Any CPU
	EndGlobalSection
	GlobalSection(ProjectConfigurationPlatforms) = postSolution
		{041578AD-5FCF-4509-B992-BC7FD4F0FDE4}.Debug|Any CPU.ActiveCfg = Debug|Any CPU
		{041578AD-5FCF-4509-B992-BC7FD4F0FDE4}.Debug|Any CPU.Build.0 = Debug|Any CPU
		{041578AD-5FCF-4509-B992-BC7FD4F0FDE4}.Release|Any CPU.ActiveCfg = Release|Any CPU
		{041578AD-5FCF-4509-B992-BC7FD4F0FDE4}.Release|Any CPU.Build.0 = Release|Any CPU
	EndGlobalSection
	GlobalSection(SolutionProperties) = preSolution
		HideSolutionNode = FALSE
	EndGlobalSection
	GlobalSection(ExtensibilityGlobals) = postSolution
		SolutionGuid = {368F8199-60B8-4471-A1BF-7E94CDDD5EB2}
	EndGlobalSection
EndGlobal
